
Microsoft Visual Studio Solution File, Format Version 12.00
# Visual Studio Version 17
VisualStudioVersion = 17.7.34031.279
MinimumVisualStudioVersion = 10.0.40219.1
Project("{FAE04EC0-301F-11D3-BF4B-00C04F79EFBC}") = "QLNhanVien", "QLNhanVien\QLNhanVien.csproj", "{3FB63E67-C8C5-4BA9-A9D9-E8586431D9DC}"
EndProject
Global
	GlobalSection(SolutionConfigurationPlatforms) = preSolution
		Debug|Any CPU = Debug|Any CPU
		Release|Any CPU = Release|Any CPU
	EndGlobalSection
	GlobalSection(ProjectConfigurationPlatforms) = postSolution
		{3FB63E67-C8C5-4BA9-A9D9-E8586431D9DC}.Debug|Any CPU.ActiveCfg = Debug|Any CPU
		{3FB63E67-C8C5-4BA9-A9D9-E8586431D9DC}.Debug|Any CPU.Build.0 = Debug|Any CPU
		{3FB63E67-C8C5-4BA9-A9D9-E8586431D9DC}.Release|Any CPU.ActiveCfg = Release|Any CPU
		{3FB63E67-C8C5-4BA9-A9D9-E8586431D9DC}.Release|Any CPU.Build.0 = Release|Any CPU
	EndGlobalSection
	GlobalSection(SolutionProperties) = preSolution
		HideSolutionNode = FALSE
	EndGlobalSection
	GlobalSection(ExtensibilityGlobals) = postSolution
		SolutionGuid = {0124BDB1-9392-47BC-8910-900CBBFCF74C}
	EndGlobalSection
EndGlobal
